// !$*UTF8*$!
{
	archiveVersion = 1;
	classes = {
	};
	objectVersion = 51;
	objects = {

/* Begin PBXBuildFile section */
		B0D96C88892ABDB4A6A064A9 /* Pods_DemoPaytabsObjectiveCTests.framework in Frameworks */ = {isa = PBXBuildFile; fileRef = C994CCB1E67ECC9718F0FB3E /* Pods_DemoPaytabsObjectiveCTests.framework */; };
		B9183767CD2426B3A2A07000 /* Pods_DemoPaytabsObjectiveC_DemoPaytabsObjectiveCUITests.framework in Frameworks */ = {isa = PBXBuildFile; fileRef = A3C1C1B1307113C0D0DFB71B /* Pods_DemoPaytabsObjectiveC_DemoPaytabsObjectiveCUITests.framework */; };
		BD924A6E248B937200E0FE0D /* PaymentDetailVC.m in Sources */ = {isa = PBXBuildFile; fileRef = BD924A6D248B937200E0FE0D /* PaymentDetailVC.m */; };
		BD924A71248BE7D900E0FE0D /* MyConstant.m in Sources */ = {isa = PBXBuildFile; fileRef = BD924A70248BE7D900E0FE0D /* MyConstant.m */; };
		BDAB4DE1248B6EF200309D47 /* AppDelegate.m in Sources */ = {isa = PBXBuildFile; fileRef = BDAB4DE0248B6EF200309D47 /* AppDelegate.m */; };
		BDAB4DE4248B6EF200309D47 /* SceneDelegate.m in Sources */ = {isa = PBXBuildFile; fileRef = BDAB4DE3248B6EF200309D47 /* SceneDelegate.m */; };
		BDAB4DE7248B6EF200309D47 /* ViewController.m in Sources */ = {isa = PBXBuildFile; fileRef = BDAB4DE6248B6EF200309D47 /* ViewController.m */; };
		BDAB4DEA248B6EF200309D47 /* Main.storyboard in Resources */ = {isa = PBXBuildFile; fileRef = BDAB4DE8248B6EF200309D47 /* Main.storyboard */; };
		BDAB4DEC248B6EF500309D47 /* Assets.xcassets in Resources */ = {isa = PBXBuildFile; fileRef = BDAB4DEB248B6EF500309D47 /* Assets.xcassets */; };
		BDAB4DEF248B6EF500309D47 /* LaunchScreen.storyboard in Resources */ = {isa = PBXBuildFile; fileRef = BDAB4DED248B6EF500309D47 /* LaunchScreen.storyboard */; };
		BDAB4DF2248B6EF500309D47 /* main.m in Sources */ = {isa = PBXBuildFile; fileRef = BDAB4DF1248B6EF500309D47 /* main.m */; };
		BDAB4DFC248B6EF500309D47 /* DemoPaytabsObjectiveCTests.m in Sources */ = {isa = PBXBuildFile; fileRef = BDAB4DFB248B6EF500309D47 /* DemoPaytabsObjectiveCTests.m */; };
		BDAB4E07248B6EF500309D47 /* DemoPaytabsObjectiveCUITests.m in Sources */ = {isa = PBXBuildFile; fileRef = BDAB4E06248B6EF500309D47 /* DemoPaytabsObjectiveCUITests.m */; };
		BDAB4E16248B6F3300309D47 /* Resources.bundle in Resources */ = {isa = PBXBuildFile; fileRef = BDAB4E14248B6F3200309D47 /* Resources.bundle */; };
		BDAB4E17248B6F3300309D47 /* paytabs-iOS.framework in Frameworks */ = {isa = PBXBuildFile; fileRef = BDAB4E15248B6F3300309D47 /* paytabs-iOS.framework */; };
		EF61D599B4E4152D38A6D8F2 /* Pods_DemoPaytabsObjectiveC.framework in Frameworks */ = {isa = PBXBuildFile; fileRef = 17E45290A113BAD37BD6EBA9 /* Pods_DemoPaytabsObjectiveC.framework */; };
/* End PBXBuildFile section */

/* Begin PBXContainerItemProxy section */
		BDAB4DF8248B6EF500309D47 /* PBXContainerItemProxy */ = {
			isa = PBXContainerItemProxy;
			containerPortal = BDAB4DD4248B6EF200309D47 /* Project object */;
			proxyType = 1;
			remoteGlobalIDString = BDAB4DDB248B6EF200309D47;
			remoteInfo = DemoPaytabsObjectiveC;
		};
		BDAB4E03248B6EF500309D47 /* PBXContainerItemProxy */ = {
			isa = PBXContainerItemProxy;
			containerPortal = BDAB4DD4248B6EF200309D47 /* Project object */;
			proxyType = 1;
			remoteGlobalIDString = BDAB4DDB248B6EF200309D47;
			remoteInfo = DemoPaytabsObjectiveC;
		};
/* End PBXContainerItemProxy section */

/* Begin PBXFileReference section */
		17E45290A113BAD37BD6EBA9 /* Pods_DemoPaytabsObjectiveC.framework */ = {isa = PBXFileReference; explicitFileType = wrapper.framework; includeInIndex = 0; path = Pods_DemoPaytabsObjectiveC.framework; sourceTree = BUILT_PRODUCTS_DIR; };
		4EC064D7011C7B4FA288DC11 /* Pods-DemoPaytabsObjectiveCTests.debug.xcconfig */ = {isa = PBXFileReference; includeInIndex = 1; lastKnownFileType = text.xcconfig; name = "Pods-DemoPaytabsObjectiveCTests.debug.xcconfig"; path = "Target Support Files/Pods-DemoPaytabsObjectiveCTests/Pods-DemoPaytabsObjectiveCTests.debug.xcconfig"; sourceTree = "<group>"; };
		826FCDC70D665635D765AFC5 /* Pods-DemoPaytabsObjectiveCTests.release.xcconfig */ = {isa = PBXFileReference; includeInIndex = 1; lastKnownFileType = text.xcconfig; name = "Pods-DemoPaytabsObjectiveCTests.release.xcconfig"; path = "Target Support Files/Pods-DemoPaytabsObjectiveCTests/Pods-DemoPaytabsObjectiveCTests.release.xcconfig"; sourceTree = "<group>"; };
		8567842A3FFA14DFA15F8DF9 /* Pods-DemoPaytabsObjectiveC.debug.xcconfig */ = {isa = PBXFileReference; includeInIndex = 1; lastKnownFileType = text.xcconfig; name = "Pods-DemoPaytabsObjectiveC.debug.xcconfig"; path = "Target Support Files/Pods-DemoPaytabsObjectiveC/Pods-DemoPaytabsObjectiveC.debug.xcconfig"; sourceTree = "<group>"; };
		88F17065A19DBF2DB03BDD3B /* Pods-DemoPaytabsObjectiveC-DemoPaytabsObjectiveCUITests.release.xcconfig */ = {isa = PBXFileReference; includeInIndex = 1; lastKnownFileType = text.xcconfig; name = "Pods-DemoPaytabsObjectiveC-DemoPaytabsObjectiveCUITests.release.xcconfig"; path = "Target Support Files/Pods-DemoPaytabsObjectiveC-DemoPaytabsObjectiveCUITests/Pods-DemoPaytabsObjectiveC-DemoPaytabsObjectiveCUITests.release.xcconfig"; sourceTree = "<group>"; };
		A229FB9A96C7D7722A00A048 /* Pods-DemoPaytabsObjectiveC-DemoPaytabsObjectiveCUITests.debug.xcconfig */ = {isa = PBXFileReference; includeInIndex = 1; lastKnownFileType = text.xcconfig; name = "Pods-DemoPaytabsObjectiveC-DemoPaytabsObjectiveCUITests.debug.xcconfig"; path = "Target Support Files/Pods-DemoPaytabsObjectiveC-DemoPaytabsObjectiveCUITests/Pods-DemoPaytabsObjectiveC-DemoPaytabsObjectiveCUITests.debug.xcconfig"; sourceTree = "<group>"; };
		A3C1C1B1307113C0D0DFB71B /* Pods_DemoPaytabsObjectiveC_DemoPaytabsObjectiveCUITests.framework */ = {isa = PBXFileReference; explicitFileType = wrapper.framework; includeInIndex = 0; path = Pods_DemoPaytabsObjectiveC_DemoPaytabsObjectiveCUITests.framework; sourceTree = BUILT_PRODUCTS_DIR; };
		BD924A6C248B937200E0FE0D /* PaymentDetailVC.h */ = {isa = PBXFileReference; lastKnownFileType = sourcecode.c.h; path = PaymentDetailVC.h; sourceTree = "<group>"; };
		BD924A6D248B937200E0FE0D /* PaymentDetailVC.m */ = {isa = PBXFileReference; lastKnownFileType = sourcecode.c.objc; path = PaymentDetailVC.m; sourceTree = "<group>"; };
		BD924A6F248BE7D900E0FE0D /* MyConstant.h */ = {isa = PBXFileReference; fileEncoding = 4; lastKnownFileType = sourcecode.c.h; path = MyConstant.h; sourceTree = "<group>"; };
		BD924A70248BE7D900E0FE0D /* MyConstant.m */ = {isa = PBXFileReference; fileEncoding = 4; lastKnownFileType = sourcecode.c.objc; path = MyConstant.m; sourceTree = "<group>"; };
		BDAB4DDC248B6EF200309D47 /* DemoPaytabsObjectiveC.app */ = {isa = PBXFileReference; explicitFileType = wrapper.application; includeInIndex = 0; path = DemoPaytabsObjectiveC.app; sourceTree = BUILT_PRODUCTS_DIR; };
		BDAB4DDF248B6EF200309D47 /* AppDelegate.h */ = {isa = PBXFileReference; lastKnownFileType = sourcecode.c.h; path = AppDelegate.h; sourceTree = "<group>"; };
		BDAB4DE0248B6EF200309D47 /* AppDelegate.m */ = {isa = PBXFileReference; lastKnownFileType = sourcecode.c.objc; path = AppDelegate.m; sourceTree = "<group>"; };
		BDAB4DE2248B6EF200309D47 /* SceneDelegate.h */ = {isa = PBXFileReference; lastKnownFileType = sourcecode.c.h; path = SceneDelegate.h; sourceTree = "<group>"; };
		BDAB4DE3248B6EF200309D47 /* SceneDelegate.m */ = {isa = PBXFileReference; lastKnownFileType = sourcecode.c.objc; path = SceneDelegate.m; sourceTree = "<group>"; };
		BDAB4DE5248B6EF200309D47 /* ViewController.h */ = {isa = PBXFileReference; lastKnownFileType = sourcecode.c.h; path = ViewController.h; sourceTree = "<group>"; };
		BDAB4DE6248B6EF200309D47 /* ViewController.m */ = {isa = PBXFileReference; lastKnownFileType = sourcecode.c.objc; path = ViewController.m; sourceTree = "<group>"; };
		BDAB4DE9248B6EF200309D47 /* Base */ = {isa = PBXFileReference; lastKnownFileType = file.storyboard; name = Base; path = Base.lproj/Main.storyboard; sourceTree = "<group>"; };
		BDAB4DEB248B6EF500309D47 /* Assets.xcassets */ = {isa = PBXFileReference; lastKnownFileType = folder.assetcatalog; path = Assets.xcassets; sourceTree = "<group>"; };
		BDAB4DEE248B6EF500309D47 /* Base */ = {isa = PBXFileReference; lastKnownFileType = file.storyboard; name = Base; path = Base.lproj/LaunchScreen.storyboard; sourceTree = "<group>"; };
		BDAB4DF0248B6EF500309D47 /* Info.plist */ = {isa = PBXFileReference; lastKnownFileType = text.plist.xml; path = Info.plist; sourceTree = "<group>"; };
		BDAB4DF1248B6EF500309D47 /* main.m */ = {isa = PBXFileReference; lastKnownFileType = sourcecode.c.objc; path = main.m; sourceTree = "<group>"; };
		BDAB4DF7248B6EF500309D47 /* DemoPaytabsObjectiveCTests.xctest */ = {isa = PBXFileReference; explicitFileType = wrapper.cfbundle; includeInIndex = 0; path = DemoPaytabsObjectiveCTests.xctest; sourceTree = BUILT_PRODUCTS_DIR; };
		BDAB4DFB248B6EF500309D47 /* DemoPaytabsObjectiveCTests.m */ = {isa = PBXFileReference; lastKnownFileType = sourcecode.c.objc; path = DemoPaytabsObjectiveCTests.m; sourceTree = "<group>"; };
		BDAB4DFD248B6EF500309D47 /* Info.plist */ = {isa = PBXFileReference; lastKnownFileType = text.plist.xml; path = Info.plist; sourceTree = "<group>"; };
		BDAB4E02248B6EF500309D47 /* DemoPaytabsObjectiveCUITests.xctest */ = {isa = PBXFileReference; explicitFileType = wrapper.cfbundle; includeInIndex = 0; path = DemoPaytabsObjectiveCUITests.xctest; sourceTree = BUILT_PRODUCTS_DIR; };
		BDAB4E06248B6EF500309D47 /* DemoPaytabsObjectiveCUITests.m */ = {isa = PBXFileReference; lastKnownFileType = sourcecode.c.objc; path = DemoPaytabsObjectiveCUITests.m; sourceTree = "<group>"; };
		BDAB4E08248B6EF500309D47 /* Info.plist */ = {isa = PBXFileReference; lastKnownFileType = text.plist.xml; path = Info.plist; sourceTree = "<group>"; };
		BDAB4E14248B6F3200309D47 /* Resources.bundle */ = {isa = PBXFileReference; lastKnownFileType = "wrapper.plug-in"; path = Resources.bundle; sourceTree = "<group>"; };
		BDAB4E15248B6F3300309D47 /* paytabs-iOS.framework */ = {isa = PBXFileReference; lastKnownFileType = wrapper.framework; path = "paytabs-iOS.framework"; sourceTree = "<group>"; };
		C994CCB1E67ECC9718F0FB3E /* Pods_DemoPaytabsObjectiveCTests.framework */ = {isa = PBXFileReference; explicitFileType = wrapper.framework; includeInIndex = 0; path = Pods_DemoPaytabsObjectiveCTests.framework; sourceTree = BUILT_PRODUCTS_DIR; };
		EF54008CAEE56B728AC9B477 /* Pods-DemoPaytabsObjectiveC.release.xcconfig */ = {isa = PBXFileReference; includeInIndex = 1; lastKnownFileType = text.xcconfig; name = "Pods-DemoPaytabsObjectiveC.release.xcconfig"; path = "Target Support Files/Pods-DemoPaytabsObjectiveC/Pods-DemoPaytabsObjectiveC.release.xcconfig"; sourceTree = "<group>"; };
/* End PBXFileReference section */

/* Begin PBXFrameworksBuildPhase section */
		BDAB4DD9248B6EF200309D47 /* Frameworks */ = {
			isa = PBXFrameworksBuildPhase;
			buildActionMask = 2147483647;
			files = (
				BDAB4E17248B6F3300309D47 /* paytabs-iOS.framework in Frameworks */,
				EF61D599B4E4152D38A6D8F2 /* Pods_DemoPaytabsObjectiveC.framework in Frameworks */,
			);
			runOnlyForDeploymentPostprocessing = 0;
		};
		BDAB4DF4248B6EF500309D47 /* Frameworks */ = {
			isa = PBXFrameworksBuildPhase;
			buildActionMask = 2147483647;
			files = (
				B0D96C88892ABDB4A6A064A9 /* Pods_DemoPaytabsObjectiveCTests.framework in Frameworks */,
			);
			runOnlyForDeploymentPostprocessing = 0;
		};
		BDAB4DFF248B6EF500309D47 /* Frameworks */ = {
			isa = PBXFrameworksBuildPhase;
			buildActionMask = 2147483647;
			files = (
				B9183767CD2426B3A2A07000 /* Pods_DemoPaytabsObjectiveC_DemoPaytabsObjectiveCUITests.framework in Frameworks */,
			);
			runOnlyForDeploymentPostprocessing = 0;
		};
/* End PBXFrameworksBuildPhase section */

/* Begin PBXGroup section */
		91223A243136A52827E8E832 /* Pods */ = {
			isa = PBXGroup;
			children = (
				8567842A3FFA14DFA15F8DF9 /* Pods-DemoPaytabsObjectiveC.debug.xcconfig */,
				EF54008CAEE56B728AC9B477 /* Pods-DemoPaytabsObjectiveC.release.xcconfig */,
				A229FB9A96C7D7722A00A048 /* Pods-DemoPaytabsObjectiveC-DemoPaytabsObjectiveCUITests.debug.xcconfig */,
				88F17065A19DBF2DB03BDD3B /* Pods-DemoPaytabsObjectiveC-DemoPaytabsObjectiveCUITests.release.xcconfig */,
				4EC064D7011C7B4FA288DC11 /* Pods-DemoPaytabsObjectiveCTests.debug.xcconfig */,
				826FCDC70D665635D765AFC5 /* Pods-DemoPaytabsObjectiveCTests.release.xcconfig */,
			);
			path = Pods;
			sourceTree = "<group>";
		};
		BD924A69248B825700E0FE0D /* HelperClasses */ = {
			isa = PBXGroup;
			children = (
				BD924A6F248BE7D900E0FE0D /* MyConstant.h */,
				BD924A70248BE7D900E0FE0D /* MyConstant.m */,
			);
			path = HelperClasses;
			sourceTree = "<group>";
		};
		BDAB4DD3248B6EF200309D47 = {
			isa = PBXGroup;
			children = (
				BDAB4DDE248B6EF200309D47 /* DemoPaytabsObjectiveC */,
				BDAB4DFA248B6EF500309D47 /* DemoPaytabsObjectiveCTests */,
				BDAB4E05248B6EF500309D47 /* DemoPaytabsObjectiveCUITests */,
				BDAB4DDD248B6EF200309D47 /* Products */,
				91223A243136A52827E8E832 /* Pods */,
				E65C4F915BAC8811553BC6FD /* Frameworks */,
			);
			sourceTree = "<group>";
		};
		BDAB4DDD248B6EF200309D47 /* Products */ = {
			isa = PBXGroup;
			children = (
				BDAB4DDC248B6EF200309D47 /* DemoPaytabsObjectiveC.app */,
				BDAB4DF7248B6EF500309D47 /* DemoPaytabsObjectiveCTests.xctest */,
				BDAB4E02248B6EF500309D47 /* DemoPaytabsObjectiveCUITests.xctest */,
			);
			name = Products;
			sourceTree = "<group>";
		};
		BDAB4DDE248B6EF200309D47 /* DemoPaytabsObjectiveC */ = {
			isa = PBXGroup;
			children = (
				BDAB4E15248B6F3300309D47 /* paytabs-iOS.framework */,
				BDAB4E14248B6F3200309D47 /* Resources.bundle */,
				BDAB4DDF248B6EF200309D47 /* AppDelegate.h */,
				BDAB4DE0248B6EF200309D47 /* AppDelegate.m */,
				BDAB4DE2248B6EF200309D47 /* SceneDelegate.h */,
				BDAB4DE3248B6EF200309D47 /* SceneDelegate.m */,
				BDAB4DE5248B6EF200309D47 /* ViewController.h */,
				BDAB4DE6248B6EF200309D47 /* ViewController.m */,
				BD924A6C248B937200E0FE0D /* PaymentDetailVC.h */,
				BD924A6D248B937200E0FE0D /* PaymentDetailVC.m */,
				BD924A69248B825700E0FE0D /* HelperClasses */,
				BDAB4DE8248B6EF200309D47 /* Main.storyboard */,
				BDAB4DEB248B6EF500309D47 /* Assets.xcassets */,
				BDAB4DED248B6EF500309D47 /* LaunchScreen.storyboard */,
				BDAB4DF0248B6EF500309D47 /* Info.plist */,
				BDAB4DF1248B6EF500309D47 /* main.m */,
			);
			path = DemoPaytabsObjectiveC;
			sourceTree = "<group>";
		};
		BDAB4DFA248B6EF500309D47 /* DemoPaytabsObjectiveCTests */ = {
			isa = PBXGroup;
			children = (
				BDAB4DFB248B6EF500309D47 /* DemoPaytabsObjectiveCTests.m */,
				BDAB4DFD248B6EF500309D47 /* Info.plist */,
			);
			path = DemoPaytabsObjectiveCTests;
			sourceTree = "<group>";
		};
		BDAB4E05248B6EF500309D47 /* DemoPaytabsObjectiveCUITests */ = {
			isa = PBXGroup;
			children = (
				BDAB4E06248B6EF500309D47 /* DemoPaytabsObjectiveCUITests.m */,
				BDAB4E08248B6EF500309D47 /* Info.plist */,
			);
			path = DemoPaytabsObjectiveCUITests;
			sourceTree = "<group>";
		};
		E65C4F915BAC8811553BC6FD /* Frameworks */ = {
			isa = PBXGroup;
			children = (
				17E45290A113BAD37BD6EBA9 /* Pods_DemoPaytabsObjectiveC.framework */,
				A3C1C1B1307113C0D0DFB71B /* Pods_DemoPaytabsObjectiveC_DemoPaytabsObjectiveCUITests.framework */,
				C994CCB1E67ECC9718F0FB3E /* Pods_DemoPaytabsObjectiveCTests.framework */,
			);
			name = Frameworks;
			sourceTree = "<group>";
		};
/* End PBXGroup section */

/* Begin PBXNativeTarget section */
		BDAB4DDB248B6EF200309D47 /* DemoPaytabsObjectiveC */ = {
			isa = PBXNativeTarget;
			buildConfigurationList = BDAB4E0B248B6EF500309D47 /* Build configuration list for PBXNativeTarget "DemoPaytabsObjectiveC" */;
			buildPhases = (
				5D42FD092913265E668831F5 /* [CP] Check Pods Manifest.lock */,
				BDAB4DD8248B6EF200309D47 /* Sources */,
				BDAB4DD9248B6EF200309D47 /* Frameworks */,
				BDAB4DDA248B6EF200309D47 /* Resources */,
				E7B9C41D265229077677EEE8 /* [CP] Embed Pods Frameworks */,
			);
			buildRules = (
			);
			dependencies = (
			);
			name = DemoPaytabsObjectiveC;
			productName = DemoPaytabsObjectiveC;
			productReference = BDAB4DDC248B6EF200309D47 /* DemoPaytabsObjectiveC.app */;
			productType = "com.apple.product-type.application";
		};
		BDAB4DF6248B6EF500309D47 /* DemoPaytabsObjectiveCTests */ = {
			isa = PBXNativeTarget;
			buildConfigurationList = BDAB4E0E248B6EF500309D47 /* Build configuration list for PBXNativeTarget "DemoPaytabsObjectiveCTests" */;
			buildPhases = (
				D3BBAC122CC3C728CEE9F698 /* [CP] Check Pods Manifest.lock */,
				BDAB4DF3248B6EF500309D47 /* Sources */,
				BDAB4DF4248B6EF500309D47 /* Frameworks */,
				BDAB4DF5248B6EF500309D47 /* Resources */,
			);
			buildRules = (
			);
			dependencies = (
				BDAB4DF9248B6EF500309D47 /* PBXTargetDependency */,
			);
			name = DemoPaytabsObjectiveCTests;
			productName = DemoPaytabsObjectiveCTests;
			productReference = BDAB4DF7248B6EF500309D47 /* DemoPaytabsObjectiveCTests.xctest */;
			productType = "com.apple.product-type.bundle.unit-test";
		};
		BDAB4E01248B6EF500309D47 /* DemoPaytabsObjectiveCUITests */ = {
			isa = PBXNativeTarget;
			buildConfigurationList = BDAB4E11248B6EF500309D47 /* Build configuration list for PBXNativeTarget "DemoPaytabsObjectiveCUITests" */;
			buildPhases = (
				F6F434F3B80525AE4EAE34A1 /* [CP] Check Pods Manifest.lock */,
				BDAB4DFE248B6EF500309D47 /* Sources */,
				BDAB4DFF248B6EF500309D47 /* Frameworks */,
				BDAB4E00248B6EF500309D47 /* Resources */,
				0EF15C068EE7CDAA141FD2FA /* [CP] Embed Pods Frameworks */,
			);
			buildRules = (
			);
			dependencies = (
				BDAB4E04248B6EF500309D47 /* PBXTargetDependency */,
			);
			name = DemoPaytabsObjectiveCUITests;
			productName = DemoPaytabsObjectiveCUITests;
			productReference = BDAB4E02248B6EF500309D47 /* DemoPaytabsObjectiveCUITests.xctest */;
			productType = "com.apple.product-type.bundle.ui-testing";
		};
/* End PBXNativeTarget section */

/* Begin PBXProject section */
		BDAB4DD4248B6EF200309D47 /* Project object */ = {
			isa = PBXProject;
			attributes = {
				LastUpgradeCheck = 1130;
				ORGANIZATIONNAME = "Prahalad Kumawat";
				TargetAttributes = {
					BDAB4DDB248B6EF200309D47 = {
						CreatedOnToolsVersion = 11.3.1;
					};
					BDAB4DF6248B6EF500309D47 = {
						CreatedOnToolsVersion = 11.3.1;
						TestTargetID = BDAB4DDB248B6EF200309D47;
					};
					BDAB4E01248B6EF500309D47 = {
						CreatedOnToolsVersion = 11.3.1;
						TestTargetID = BDAB4DDB248B6EF200309D47;
					};
				};
			};
			buildConfigurationList = BDAB4DD7248B6EF200309D47 /* Build configuration list for PBXProject "DemoPaytabsObjectiveC" */;
			compatibilityVersion = "Xcode 9.3";
			developmentRegion = en;
			hasScannedForEncodings = 0;
			knownRegions = (
				en,
				Base,
			);
			mainGroup = BDAB4DD3248B6EF200309D47;
			productRefGroup = BDAB4DDD248B6EF200309D47 /* Products */;
			projectDirPath = "";
			projectRoot = "";
			targets = (
				BDAB4DDB248B6EF200309D47 /* DemoPaytabsObjectiveC */,
				BDAB4DF6248B6EF500309D47 /* DemoPaytabsObjectiveCTests */,
				BDAB4E01248B6EF500309D47 /* DemoPaytabsObjectiveCUITests */,
			);
		};
/* End PBXProject section */

/* Begin PBXResourcesBuildPhase section */
		BDAB4DDA248B6EF200309D47 /* Resources */ = {
			isa = PBXResourcesBuildPhase;
			buildActionMask = 2147483647;
			files = (
				BDAB4DEF248B6EF500309D47 /* LaunchScreen.storyboard in Resources */,
				BDAB4DEC248B6EF500309D47 /* Assets.xcassets in Resources */,
				BDAB4DEA248B6EF200309D47 /* Main.storyboard in Resources */,
				BDAB4E16248B6F3300309D47 /* Resources.bundle in Resources */,
			);
			runOnlyForDeploymentPostprocessing = 0;
		};
		BDAB4DF5248B6EF500309D47 /* Resources */ = {
			isa = PBXResourcesBuildPhase;
			buildActionMask = 2147483647;
			files = (
			);
			runOnlyForDeploymentPostprocessing = 0;
		};
		BDAB4E00248B6EF500309D47 /* Resources */ = {
			isa = PBXResourcesBuildPhase;
			buildActionMask = 2147483647;
			files = (
			);
			runOnlyForDeploymentPostprocessing = 0;
		};
/* End PBXResourcesBuildPhase section */

/* Begin PBXShellScriptBuildPhase section */
		0EF15C068EE7CDAA141FD2FA /* [CP] Embed Pods Frameworks */ = {
			isa = PBXShellScriptBuildPhase;
			buildActionMask = 2147483647;
			files = (
			);
			inputFileListPaths = (
				"${PODS_ROOT}/Target Support Files/Pods-DemoPaytabsObjectiveC-DemoPaytabsObjectiveCUITests/Pods-DemoPaytabsObjectiveC-DemoPaytabsObjectiveCUITests-frameworks-${CONFIGURATION}-input-files.xcfilelist",
			);
			name = "[CP] Embed Pods Frameworks";
			outputFileListPaths = (
				"${PODS_ROOT}/Target Support Files/Pods-DemoPaytabsObjectiveC-DemoPaytabsObjectiveCUITests/Pods-DemoPaytabsObjectiveC-DemoPaytabsObjectiveCUITests-frameworks-${CONFIGURATION}-output-files.xcfilelist",
			);
			runOnlyForDeploymentPostprocessing = 0;
			shellPath = /bin/sh;
			shellScript = "\"${PODS_ROOT}/Target Support Files/Pods-DemoPaytabsObjectiveC-DemoPaytabsObjectiveCUITests/Pods-DemoPaytabsObjectiveC-DemoPaytabsObjectiveCUITests-frameworks.sh\"\n";
			showEnvVarsInLog = 0;
		};
		5D42FD092913265E668831F5 /* [CP] Check Pods Manifest.lock */ = {
			isa = PBXShellScriptBuildPhase;
			buildActionMask = 2147483647;
			files = (
			);
			inputFileListPaths = (
			);
			inputPaths = (
				"${PODS_PODFILE_DIR_PATH}/Podfile.lock",
				"${PODS_ROOT}/Manifest.lock",
			);
			name = "[CP] Check Pods Manifest.lock";
			outputFileListPaths = (
			);
			outputPaths = (
				"$(DERIVED_FILE_DIR)/Pods-DemoPaytabsObjectiveC-checkManifestLockResult.txt",
			);
			runOnlyForDeploymentPostprocessing = 0;
			shellPath = /bin/sh;
			shellScript = "diff \"${PODS_PODFILE_DIR_PATH}/Podfile.lock\" \"${PODS_ROOT}/Manifest.lock\" > /dev/null\nif [ $? != 0 ] ; then\n    # print error to STDERR\n    echo \"error: The sandbox is not in sync with the Podfile.lock. Run 'pod install' or update your CocoaPods installation.\" >&2\n    exit 1\nfi\n# This output is used by Xcode 'outputs' to avoid re-running this script phase.\necho \"SUCCESS\" > \"${SCRIPT_OUTPUT_FILE_0}\"\n";
			showEnvVarsInLog = 0;
		};
		D3BBAC122CC3C728CEE9F698 /* [CP] Check Pods Manifest.lock */ = {
			isa = PBXShellScriptBuildPhase;
			buildActionMask = 2147483647;
			files = (
			);
			inputFileListPaths = (
			);
			inputPaths = (
				"${PODS_PODFILE_DIR_PATH}/Podfile.lock",
				"${PODS_ROOT}/Manifest.lock",
			);
			name = "[CP] Check Pods Manifest.lock";
			outputFileListPaths = (
			);
			outputPaths = (
				"$(DERIVED_FILE_DIR)/Pods-DemoPaytabsObjectiveCTests-checkManifestLockResult.txt",
			);
			runOnlyForDeploymentPostprocessing = 0;
			shellPath = /bin/sh;
			shellScript = "diff \"${PODS_PODFILE_DIR_PATH}/Podfile.lock\" \"${PODS_ROOT}/Manifest.lock\" > /dev/null\nif [ $? != 0 ] ; then\n    # print error to STDERR\n    echo \"error: The sandbox is not in sync with the Podfile.lock. Run 'pod install' or update your CocoaPods installation.\" >&2\n    exit 1\nfi\n# This output is used by Xcode 'outputs' to avoid re-running this script phase.\necho \"SUCCESS\" > \"${SCRIPT_OUTPUT_FILE_0}\"\n";
			showEnvVarsInLog = 0;
		};
		E7B9C41D265229077677EEE8 /* [CP] Embed Pods Frameworks */ = {
			isa = PBXShellScriptBuildPhase;
			buildActionMask = 2147483647;
			files = (
			);
			inputFileListPaths = (
				"${PODS_ROOT}/Target Support Files/Pods-DemoPaytabsObjectiveC/Pods-DemoPaytabsObjectiveC-frameworks-${CONFIGURATION}-input-files.xcfilelist",
			);
			name = "[CP] Embed Pods Frameworks";
			outputFileListPaths = (
				"${PODS_ROOT}/Target Support Files/Pods-DemoPaytabsObjectiveC/Pods-DemoPaytabsObjectiveC-frameworks-${CONFIGURATION}-output-files.xcfilelist",
			);
			runOnlyForDeploymentPostprocessing = 0;
			shellPath = /bin/sh;
			shellScript = "\"${PODS_ROOT}/Target Support Files/Pods-DemoPaytabsObjectiveC/Pods-DemoPaytabsObjectiveC-frameworks.sh\"\n";
			showEnvVarsInLog = 0;
		};
		F6F434F3B80525AE4EAE34A1 /* [CP] Check Pods Manifest.lock */ = {
			isa = PBXShellScriptBuildPhase;
			buildActionMask = 2147483647;
			files = (
			);
			inputFileListPaths = (
			);
			inputPaths = (
				"${PODS_PODFILE_DIR_PATH}/Podfile.lock",
				"${PODS_ROOT}/Manifest.lock",
			);
			name = "[CP] Check Pods Manifest.lock";
			outputFileListPaths = (
			);
			outputPaths = (
				"$(DERIVED_FILE_DIR)/Pods-DemoPaytabsObjectiveC-DemoPaytabsObjectiveCUITests-checkManifestLockResult.txt",
			);
			runOnlyForDeploymentPostprocessing = 0;
			shellPath = /bin/sh;
			shellScript = "diff \"${PODS_PODFILE_DIR_PATH}/Podfile.lock\" \"${PODS_ROOT}/Manifest.lock\" > /dev/null\nif [ $? != 0 ] ; then\n    # print error to STDERR\n    echo \"error: The sandbox is not in sync with the Podfile.lock. Run 'pod install' or update your CocoaPods installation.\" >&2\n    exit 1\nfi\n# This output is used by Xcode 'outputs' to avoid re-running this script phase.\necho \"SUCCESS\" > \"${SCRIPT_OUTPUT_FILE_0}\"\n";
			showEnvVarsInLog = 0;
		};
/* End PBXShellScriptBuildPhase section */

/* Begin PBXSourcesBuildPhase section */
		BDAB4DD8248B6EF200309D47 /* Sources */ = {
			isa = PBXSourcesBuildPhase;
			buildActionMask = 2147483647;
			files = (
				BDAB4DE7248B6EF200309D47 /* ViewController.m in Sources */,
				BD924A71248BE7D900E0FE0D /* MyConstant.m in Sources */,
				BD924A6E248B937200E0FE0D /* PaymentDetailVC.m in Sources */,
				BDAB4DE1248B6EF200309D47 /* AppDelegate.m in Sources */,
				BDAB4DF2248B6EF500309D47 /* main.m in Sources */,
				BDAB4DE4248B6EF200309D47 /* SceneDelegate.m in Sources */,
			);
			runOnlyForDeploymentPostprocessing = 0;
		};
		BDAB4DF3248B6EF500309D47 /* Sources */ = {
			isa = PBXSourcesBuildPhase;
			buildActionMask = 2147483647;
			files = (
				BDAB4DFC248B6EF500309D47 /* DemoPaytabsObjectiveCTests.m in Sources */,
			);
			runOnlyForDeploymentPostprocessing = 0;
		};
		BDAB4DFE248B6EF500309D47 /* Sources */ = {
			isa = PBXSourcesBuildPhase;
			buildActionMask = 2147483647;
			files = (
				BDAB4E07248B6EF500309D47 /* DemoPaytabsObjectiveCUITests.m in Sources */,
			);
			runOnlyForDeploymentPostprocessing = 0;
		};
/* End PBXSourcesBuildPhase section */

/* Begin PBXTargetDependency section */
		BDAB4DF9248B6EF500309D47 /* PBXTargetDependency */ = {
			isa = PBXTargetDependency;
			target = BDAB4DDB248B6EF200309D47 /* DemoPaytabsObjectiveC */;
			targetProxy = BDAB4DF8248B6EF500309D47 /* PBXContainerItemProxy */;
		};
		BDAB4E04248B6EF500309D47 /* PBXTargetDependency */ = {
			isa = PBXTargetDependency;
			target = BDAB4DDB248B6EF200309D47 /* DemoPaytabsObjectiveC */;
			targetProxy = BDAB4E03248B6EF500309D47 /* PBXContainerItemProxy */;
		};
/* End PBXTargetDependency section */

/* Begin PBXVariantGroup section */
		BDAB4DE8248B6EF200309D47 /* Main.storyboard */ = {
			isa = PBXVariantGroup;
			children = (
				BDAB4DE9248B6EF200309D47 /* Base */,
			);
			name = Main.storyboard;
			sourceTree = "<group>";
		};
		BDAB4DED248B6EF500309D47 /* LaunchScreen.storyboard */ = {
			isa = PBXVariantGroup;
			children = (
				BDAB4DEE248B6EF500309D47 /* Base */,
			);
			name = LaunchScreen.storyboard;
			sourceTree = "<group>";
		};
/* End PBXVariantGroup section */

/* Begin XCBuildConfiguration section */
		BDAB4E09248B6EF500309D47 /* Debug */ = {
			isa = XCBuildConfiguration;
			buildSettings = {
				ALWAYS_SEARCH_USER_PATHS = NO;
				CLANG_ANALYZER_NONNULL = YES;
				CLANG_ANALYZER_NUMBER_OBJECT_CONVERSION = YES_AGGRESSIVE;
				CLANG_CXX_LANGUAGE_STANDARD = "gnu++14";
				CLANG_CXX_LIBRARY = "libc++";
				CLANG_ENABLE_MODULES = YES;
				CLANG_ENABLE_OBJC_ARC = YES;
				CLANG_ENABLE_OBJC_WEAK = YES;
				CLANG_WARN_BLOCK_CAPTURE_AUTORELEASING = YES;
				CLANG_WARN_BOOL_CONVERSION = YES;
				CLANG_WARN_COMMA = YES;
				CLANG_WARN_CONSTANT_CONVERSION = YES;
				CLANG_WARN_DEPRECATED_OBJC_IMPLEMENTATIONS = YES;
				CLANG_WARN_DIRECT_OBJC_ISA_USAGE = YES_ERROR;
				CLANG_WARN_DOCUMENTATION_COMMENTS = YES;
				CLANG_WARN_EMPTY_BODY = YES;
				CLANG_WARN_ENUM_CONVERSION = YES;
				CLANG_WARN_INFINITE_RECURSION = YES;
				CLANG_WARN_INT_CONVERSION = YES;
				CLANG_WARN_NON_LITERAL_NULL_CONVERSION = YES;
				CLANG_WARN_OBJC_IMPLICIT_RETAIN_SELF = YES;
				CLANG_WARN_OBJC_LITERAL_CONVERSION = YES;
				CLANG_WARN_OBJC_ROOT_CLASS = YES_ERROR;
				CLANG_WARN_RANGE_LOOP_ANALYSIS = YES;
				CLANG_WARN_STRICT_PROTOTYPES = YES;
				CLANG_WARN_SUSPICIOUS_MOVE = YES;
				CLANG_WARN_UNGUARDED_AVAILABILITY = YES_AGGRESSIVE;
				CLANG_WARN_UNREACHABLE_CODE = YES;
				CLANG_WARN__DUPLICATE_METHOD_MATCH = YES;
				COPY_PHASE_STRIP = NO;
				DEBUG_INFORMATION_FORMAT = dwarf;
				ENABLE_STRICT_OBJC_MSGSEND = YES;
				ENABLE_TESTABILITY = YES;
				GCC_C_LANGUAGE_STANDARD = gnu11;
				GCC_DYNAMIC_NO_PIC = NO;
				GCC_NO_COMMON_BLOCKS = YES;
				GCC_OPTIMIZATION_LEVEL = 0;
				GCC_PREPROCESSOR_DEFINITIONS = (
					"DEBUG=1",
					"$(inherited)",
				);
				GCC_WARN_64_TO_32_BIT_CONVERSION = YES;
				GCC_WARN_ABOUT_RETURN_TYPE = YES_ERROR;
				GCC_WARN_UNDECLARED_SELECTOR = YES;
				GCC_WARN_UNINITIALIZED_AUTOS = YES_AGGRESSIVE;
				GCC_WARN_UNUSED_FUNCTION = YES;
				GCC_WARN_UNUSED_VARIABLE = YES;
				IPHONEOS_DEPLOYMENT_TARGET = 13.2;
				MTL_ENABLE_DEBUG_INFO = INCLUDE_SOURCE;
				MTL_FAST_MATH = YES;
				ONLY_ACTIVE_ARCH = YES;
				SDKROOT = iphoneos;
			};
			name = Debug;
		};
		BDAB4E0A248B6EF500309D47 /* Release */ = {
			isa = XCBuildConfiguration;
			buildSettings = {
				ALWAYS_SEARCH_USER_PATHS = NO;
				CLANG_ANALYZER_NONNULL = YES;
				CLANG_ANALYZER_NUMBER_OBJECT_CONVERSION = YES_AGGRESSIVE;
				CLANG_CXX_LANGUAGE_STANDARD = "gnu++14";
				CLANG_CXX_LIBRARY = "libc++";
				CLANG_ENABLE_MODULES = YES;
				CLANG_ENABLE_OBJC_ARC = YES;
				CLANG_ENABLE_OBJC_WEAK = YES;
				CLANG_WARN_BLOCK_CAPTURE_AUTORELEASING = YES;
				CLANG_WARN_BOOL_CONVERSION = YES;
				CLANG_WARN_COMMA = YES;
				CLANG_WARN_CONSTANT_CONVERSION = YES;
				CLANG_WARN_DEPRECATED_OBJC_IMPLEMENTATIONS = YES;
				CLANG_WARN_DIRECT_OBJC_ISA_USAGE = YES_ERROR;
				CLANG_WARN_DOCUMENTATION_COMMENTS = YES;
				CLANG_WARN_EMPTY_BODY = YES;
				CLANG_WARN_ENUM_CONVERSION = YES;
				CLANG_WARN_INFINITE_RECURSION = YES;
				CLANG_WARN_INT_CONVERSION = YES;
				CLANG_WARN_NON_LITERAL_NULL_CONVERSION = YES;
				CLANG_WARN_OBJC_IMPLICIT_RETAIN_SELF = YES;
				CLANG_WARN_OBJC_LITERAL_CONVERSION = YES;
				CLANG_WARN_OBJC_ROOT_CLASS = YES_ERROR;
				CLANG_WARN_RANGE_LOOP_ANALYSIS = YES;
				CLANG_WARN_STRICT_PROTOTYPES = YES;
				CLANG_WARN_SUSPICIOUS_MOVE = YES;
				CLANG_WARN_UNGUARDED_AVAILABILITY = YES_AGGRESSIVE;
				CLANG_WARN_UNREACHABLE_CODE = YES;
				CLANG_WARN__DUPLICATE_METHOD_MATCH = YES;
				COPY_PHASE_STRIP = NO;
				DEBUG_INFORMATION_FORMAT = "dwarf-with-dsym";
				ENABLE_NS_ASSERTIONS = NO;
				ENABLE_STRICT_OBJC_MSGSEND = YES;
				GCC_C_LANGUAGE_STANDARD = gnu11;
				GCC_NO_COMMON_BLOCKS = YES;
				GCC_WARN_64_TO_32_BIT_CONVERSION = YES;
				GCC_WARN_ABOUT_RETURN_TYPE = YES_ERROR;
				GCC_WARN_UNDECLARED_SELECTOR = YES;
				GCC_WARN_UNINITIALIZED_AUTOS = YES_AGGRESSIVE;
				GCC_WARN_UNUSED_FUNCTION = YES;
				GCC_WARN_UNUSED_VARIABLE = YES;
				IPHONEOS_DEPLOYMENT_TARGET = 13.2;
				MTL_ENABLE_DEBUG_INFO = NO;
				MTL_FAST_MATH = YES;
				SDKROOT = iphoneos;
				VALIDATE_PRODUCT = YES;
			};
			name = Release;
		};
		BDAB4E0C248B6EF500309D47 /* Debug */ = {
			isa = XCBuildConfiguration;
			baseConfigurationReference = 8567842A3FFA14DFA15F8DF9 /* Pods-DemoPaytabsObjectiveC.debug.xcconfig */;
			buildSettings = {
				ASSETCATALOG_COMPILER_APPICON_NAME = AppIcon;
				CODE_SIGN_IDENTITY = "iPhone Developer";
				CODE_SIGN_STYLE = Manual;
				DEVELOPMENT_TEAM = SFA9GUN7NY;
				FRAMEWORK_SEARCH_PATHS = (
					"$(inherited)",
					"$(PROJECT_DIR)/DemoPaytabsObjectiveC",
				);
				INFOPLIST_FILE = DemoPaytabsObjectiveC/Info.plist;
				IPHONEOS_DEPLOYMENT_TARGET = 13.0;
				LD_RUNPATH_SEARCH_PATHS = (
					"$(inherited)",
					"@executable_path/Frameworks",
				);
				OTHER_LDFLAGS = (
					"$(inherited)",
					"-framework",
					"\"AFNetworking\"",
					"-framework",
					"\"ActionSheetPicker_3_0\"",
					"-framework",
					"\"BIObjCHelpers\"",
					"-framework",
					"\"CoreGraphics\"",
					"-framework",
					"\"Foundation\"",
					"-framework",
					"\"IQKeyboardManager\"",
					"-framework",
					"\"Lockbox\"",
					"-framework",
					"\"MBProgressHUD\"",
					"-framework",
					"\"Mantle\"",
					"-framework",
					"\"PINCache\"",
					"-framework",
					"\"PayCardsRecognizer\"",
					"-framework",
					"\"QuartzCore\"",
					"-framework",
					"\"Reachability\"",
					"-framework",
					"\"SBJson\"",
					"-framework",
					"\"Security\"",
					"-framework",
					"\"SystemConfiguration\"",
					"-framework",
					"\"UIKit\"",
					"-weak_framework",
					"\"UIKit\"",
					"-ObjC",
					"-all_load",
				);
				PRODUCT_BUNDLE_IDENTIFIER = com.fullestop.PushChat;
				PRODUCT_NAME = "$(TARGET_NAME)";
				PROVISIONING_PROFILE_SPECIFIER = PushChat15Apr;
				TARGETED_DEVICE_FAMILY = 1;
			};
			name = Debug;
		};
		BDAB4E0D248B6EF500309D47 /* Release */ = {
			isa = XCBuildConfiguration;
			baseConfigurationReference = EF54008CAEE56B728AC9B477 /* Pods-DemoPaytabsObjectiveC.release.xcconfig */;
			buildSettings = {
				ASSETCATALOG_COMPILER_APPICON_NAME = AppIcon;
				CODE_SIGN_IDENTITY = "iPhone Developer";
				CODE_SIGN_STYLE = Manual;
				DEVELOPMENT_TEAM = SFA9GUN7NY;
				FRAMEWORK_SEARCH_PATHS = (
					"$(inherited)",
					"$(PROJECT_DIR)/DemoPaytabsObjectiveC",
				);
				INFOPLIST_FILE = DemoPaytabsObjectiveC/Info.plist;
				IPHONEOS_DEPLOYMENT_TARGET = 13.0;
				LD_RUNPATH_SEARCH_PATHS = (
					"$(inherited)",
					"@executable_path/Frameworks",
				);
				OTHER_LDFLAGS = (
					"$(inherited)",
					"-framework",
					"\"AFNetworking\"",
					"-framework",
					"\"ActionSheetPicker_3_0\"",
					"-framework",
					"\"BIObjCHelpers\"",
					"-framework",
					"\"CoreGraphics\"",
					"-framework",
					"\"Foundation\"",
					"-framework",
					"\"IQKeyboardManager\"",
					"-framework",
					"\"Lockbox\"",
					"-framework",
					"\"MBProgressHUD\"",
					"-framework",
					"\"Mantle\"",
					"-framework",
					"\"PINCache\"",
					"-framework",
					"\"PayCardsRecognizer\"",
					"-framework",
					"\"QuartzCore\"",
					"-framework",
					"\"Reachability\"",
					"-framework",
					"\"SBJson\"",
					"-framework",
					"\"Security\"",
					"-framework",
					"\"SystemConfiguration\"",
					"-framework",
					"\"UIKit\"",
					"-weak_framework",
					"\"UIKit\"",
					"-ObjC",
					"-all_load",
				);
				PRODUCT_BUNDLE_IDENTIFIER = com.fullestop.PushChat;
				PRODUCT_NAME = "$(TARGET_NAME)";
				PROVISIONING_PROFILE_SPECIFIER = PushChat15Apr;
				TARGETED_DEVICE_FAMILY = 1;
			};
			name = Release;
		};
		BDAB4E0F248B6EF500309D47 /* Debug */ = {
			isa = XCBuildConfiguration;
			baseConfigurationReference = 4EC064D7011C7B4FA288DC11 /* Pods-DemoPaytabsObjectiveCTests.debug.xcconfig */;
			buildSettings = {
				BUNDLE_LOADER = "$(TEST_HOST)";
				CODE_SIGN_STYLE = Automatic;
				INFOPLIST_FILE = DemoPaytabsObjectiveCTests/Info.plist;
				IPHONEOS_DEPLOYMENT_TARGET = 13.2;
				LD_RUNPATH_SEARCH_PATHS = (
					"$(inherited)",
					"@executable_path/Frameworks",
					"@loader_path/Frameworks",
				);
				PRODUCT_BUNDLE_IDENTIFIER = com.DemoPaytabsObjectiveCTests;
				PRODUCT_NAME = "$(TARGET_NAME)";
				TARGETED_DEVICE_FAMILY = "1,2";
				TEST_HOST = "$(BUILT_PRODUCTS_DIR)/DemoPaytabsObjectiveC.app/DemoPaytabsObjectiveC";
			};
			name = Debug;
		};
		BDAB4E10248B6EF500309D47 /* Release */ = {
			isa = XCBuildConfiguration;
			baseConfigurationReference = 826FCDC70D665635D765AFC5 /* Pods-DemoPaytabsObjectiveCTests.release.xcconfig */;
			buildSettings = {
				BUNDLE_LOADER = "$(TEST_HOST)";
				CODE_SIGN_STYLE = Automatic;
				INFOPLIST_FILE = DemoPaytabsObjectiveCTests/Info.plist;
				IPHONEOS_DEPLOYMENT_TARGET = 13.2;
				LD_RUNPATH_SEARCH_PATHS = (
					"$(inherited)",
					"@executable_path/Frameworks",
					"@loader_path/Frameworks",
				);
				PRODUCT_BUNDLE_IDENTIFIER = com.DemoPaytabsObjectiveCTests;
				PRODUCT_NAME = "$(TARGET_NAME)";
				TARGETED_DEVICE_FAMILY = "1,2";
				TEST_HOST = "$(BUILT_PRODUCTS_DIR)/DemoPaytabsObjectiveC.app/DemoPaytabsObjectiveC";
			};
			name = Release;
		};
		BDAB4E12248B6EF500309D47 /* Debug */ = {
			isa = XCBuildConfiguration;
			baseConfigurationReference = A229FB9A96C7D7722A00A048 /* Pods-DemoPaytabsObjectiveC-DemoPaytabsObjectiveCUITests.debug.xcconfig */;
			buildSettings = {
				CODE_SIGN_STYLE = Automatic;
				INFOPLIST_FILE = DemoPaytabsObjectiveCUITests/Info.plist;
				LD_RUNPATH_SEARCH_PATHS = (
					"$(inherited)",
					"@executable_path/Frameworks",
					"@loader_path/Frameworks",
				);
				PRODUCT_BUNDLE_IDENTIFIER = com.DemoPaytabsObjectiveCUITests;
				PRODUCT_NAME = "$(TARGET_NAME)";
				TARGETED_DEVICE_FAMILY = "1,2";
				TEST_TARGET_NAME = DemoPaytabsObjectiveC;
			};
			name = Debug;
		};
		BDAB4E13248B6EF500309D47 /* Release */ = {
			isa = XCBuildConfiguration;
			baseConfigurationReference = 88F17065A19DBF2DB03BDD3B /* Pods-DemoPaytabsObjectiveC-DemoPaytabsObjectiveCUITests.release.xcconfig */;
			buildSettings = {
				CODE_SIGN_STYLE = Automatic;
				INFOPLIST_FILE = DemoPaytabsObjectiveCUITests/Info.plist;
				LD_RUNPATH_SEARCH_PATHS = (
					"$(inherited)",
					"@executable_path/Frameworks",
					"@loader_path/Frameworks",
				);
				PRODUCT_BUNDLE_IDENTIFIER = com.DemoPaytabsObjectiveCUITests;
				PRODUCT_NAME = "$(TARGET_NAME)";
				TARGETED_DEVICE_FAMILY = "1,2";
				TEST_TARGET_NAME = DemoPaytabsObjectiveC;
			};
			name = Release;
		};
/* End XCBuildConfiguration section */

/* Begin XCConfigurationList section */
		BDAB4DD7248B6EF200309D47 /* Build configuration list for PBXProject "DemoPaytabsObjectiveC" */ = {
			isa = XCConfigurationList;
			buildConfigurations = (
				BDAB4E09248B6EF500309D47 /* Debug */,
				BDAB4E0A248B6EF500309D47 /* Release */,
			);
			defaultConfigurationIsVisible = 0;
			defaultConfigurationName = Release;
		};
		BDAB4E0B248B6EF500309D47 /* Build configuration list for PBXNativeTarget "DemoPaytabsObjectiveC" */ = {
			isa = XCConfigurationList;
			buildConfigurations = (
				BDAB4E0C248B6EF500309D47 /* Debug */,
				BDAB4E0D248B6EF500309D47 /* Release */,
			);
			defaultConfigurationIsVisible = 0;
			defaultConfigurationName = Release;
		};
		BDAB4E0E248B6EF500309D47 /* Build configuration list for PBXNativeTarget "DemoPaytabsObjectiveCTests" */ = {
			isa = XCConfigurationList;
			buildConfigurations = (
				BDAB4E0F248B6EF500309D47 /* Debug */,
				BDAB4E10248B6EF500309D47 /* Release */,
			);
			defaultConfigurationIsVisible = 0;
			defaultConfigurationName = Release;
		};
		BDAB4E11248B6EF500309D47 /* Build configuration list for PBXNativeTarget "DemoPaytabsObjectiveCUITests" */ = {
			isa = XCConfigurationList;
			buildConfigurations = (
				BDAB4E12248B6EF500309D47 /* Debug */,
				BDAB4E13248B6EF500309D47 /* Release */,
			);
			defaultConfigurationIsVisible = 0;
			defaultConfigurationName = Release;
		};
/* End XCConfigurationList section */
	};
	rootObject = BDAB4DD4248B6EF200309D47 /* Project object */;
}
